
Microsoft Visual Studio Solution File, Format Version 12.00
# Visual Studio Version 17
VisualStudioVersion = 17.7.34221.43
MinimumVisualStudioVersion = 10.0.40219.1
Project("{FAE04EC0-301F-11D3-BF4B-00C04F79EFBC}") = "TesteProcesso", "TesteProcesso\TesteProcesso.csproj", "{037BC777-952B-4733-8D19-967048A03E5C}"
EndProject
Global
	GlobalSection(SolutionConfigurationPlatforms) = preSolution
		Debug|Any CPU = Debug|Any CPU
		Release|Any CPU = Release|Any CPU
	EndGlobalSection
	GlobalSection(ProjectConfigurationPlatforms) = postSolution
		{037BC777-952B-4733-8D19-967048A03E5C}.Debug|Any CPU.ActiveCfg = Debug|Any CPU
		{037BC777-952B-4733-8D19-967048A03E5C}.Debug|Any CPU.Build.0 = Debug|Any CPU
		{037BC777-952B-4733-8D19-967048A03E5C}.Release|Any CPU.ActiveCfg = Release|Any CPU
		{037BC777-952B-4733-8D19-967048A03E5C}.Release|Any CPU.Build.0 = Release|Any CPU
	EndGlobalSection
	GlobalSection(SolutionProperties) = preSolution
		HideSolutionNode = FALSE
	EndGlobalSection
	GlobalSection(ExtensibilityGlobals) = postSolution
		SolutionGuid = {B9E9A4E1-62E4-4BB9-B80B-448784E8D381}
	EndGlobalSection
EndGlobal
